// !$*UTF8*$!
{
	archiveVersion = 1;
	classes = {
	};
	objectVersion = 46;
	objects = {

/* Begin PBXBuildFile section */
		046261AA1D09DD8600CBFF0F /* Shims.swift in Sources */ = {isa = PBXBuildFile; fileRef = 046261A91D09DD8600CBFF0F /* Shims.swift */; };
		046261AB1D09DD8600CBFF0F /* Shims.swift in Sources */ = {isa = PBXBuildFile; fileRef = 046261A91D09DD8600CBFF0F /* Shims.swift */; };
		046261AC1D09DD8600CBFF0F /* Shims.swift in Sources */ = {isa = PBXBuildFile; fileRef = 046261A91D09DD8600CBFF0F /* Shims.swift */; };
		0462F96B1D0C6EE800EBBCED /* AsyncUDPSocket+Internal.swift in Sources */ = {isa = PBXBuildFile; fileRef = 0462F9631D0C6EE800EBBCED /* AsyncUDPSocket+Internal.swift */; };
		0462F96C1D0C6EE800EBBCED /* AsyncUDPSocket+Internal.swift in Sources */ = {isa = PBXBuildFile; fileRef = 0462F9631D0C6EE800EBBCED /* AsyncUDPSocket+Internal.swift */; };
		0462F96D1D0C6EE800EBBCED /* AsyncUDPSocket+Internal.swift in Sources */ = {isa = PBXBuildFile; fileRef = 0462F9631D0C6EE800EBBCED /* AsyncUDPSocket+Internal.swift */; };
		0462F96E1D0C6EE800EBBCED /* AsyncUDPSocket+Multicast.swift in Sources */ = {isa = PBXBuildFile; fileRef = 0462F9641D0C6EE800EBBCED /* AsyncUDPSocket+Multicast.swift */; };
		0462F96F1D0C6EE800EBBCED /* AsyncUDPSocket+Multicast.swift in Sources */ = {isa = PBXBuildFile; fileRef = 0462F9641D0C6EE800EBBCED /* AsyncUDPSocket+Multicast.swift */; };
		0462F9701D0C6EE800EBBCED /* AsyncUDPSocket+Multicast.swift in Sources */ = {isa = PBXBuildFile; fileRef = 0462F9641D0C6EE800EBBCED /* AsyncUDPSocket+Multicast.swift */; };
		0462F9711D0C6EE800EBBCED /* AsyncUDPSocket+ReceiveData.swift in Sources */ = {isa = PBXBuildFile; fileRef = 0462F9651D0C6EE800EBBCED /* AsyncUDPSocket+ReceiveData.swift */; };
		0462F9721D0C6EE800EBBCED /* AsyncUDPSocket+ReceiveData.swift in Sources */ = {isa = PBXBuildFile; fileRef = 0462F9651D0C6EE800EBBCED /* AsyncUDPSocket+ReceiveData.swift */; };
		0462F9731D0C6EE800EBBCED /* AsyncUDPSocket+ReceiveData.swift in Sources */ = {isa = PBXBuildFile; fileRef = 0462F9651D0C6EE800EBBCED /* AsyncUDPSocket+ReceiveData.swift */; };
		0462F9741D0C6EE800EBBCED /* AsyncUDPSocket+SendData.swift in Sources */ = {isa = PBXBuildFile; fileRef = 0462F9661D0C6EE800EBBCED /* AsyncUDPSocket+SendData.swift */; };
		0462F9751D0C6EE800EBBCED /* AsyncUDPSocket+SendData.swift in Sources */ = {isa = PBXBuildFile; fileRef = 0462F9661D0C6EE800EBBCED /* AsyncUDPSocket+SendData.swift */; };
		0462F9761D0C6EE800EBBCED /* AsyncUDPSocket+SendData.swift in Sources */ = {isa = PBXBuildFile; fileRef = 0462F9661D0C6EE800EBBCED /* AsyncUDPSocket+SendData.swift */; };
		0462F9771D0C6EE800EBBCED /* AsyncUDPSocket.swift in Sources */ = {isa = PBXBuildFile; fileRef = 0462F9671D0C6EE800EBBCED /* AsyncUDPSocket.swift */; };
		0462F9781D0C6EE800EBBCED /* AsyncUDPSocket.swift in Sources */ = {isa = PBXBuildFile; fileRef = 0462F9671D0C6EE800EBBCED /* AsyncUDPSocket.swift */; };
		0462F9791D0C6EE800EBBCED /* AsyncUDPSocket.swift in Sources */ = {isa = PBXBuildFile; fileRef = 0462F9671D0C6EE800EBBCED /* AsyncUDPSocket.swift */; };
		0462F97A1D0C6EE800EBBCED /* AsyncUDPSocketObserver.swift in Sources */ = {isa = PBXBuildFile; fileRef = 0462F9681D0C6EE800EBBCED /* AsyncUDPSocketObserver.swift */; };
		0462F97B1D0C6EE800EBBCED /* AsyncUDPSocketObserver.swift in Sources */ = {isa = PBXBuildFile; fileRef = 0462F9681D0C6EE800EBBCED /* AsyncUDPSocketObserver.swift */; };
		0462F97C1D0C6EE800EBBCED /* AsyncUDPSocketObserver.swift in Sources */ = {isa = PBXBuildFile; fileRef = 0462F9681D0C6EE800EBBCED /* AsyncUDPSocketObserver.swift */; };
		0462F97D1D0C6EE800EBBCED /* UDPReceiveObserver.swift in Sources */ = {isa = PBXBuildFile; fileRef = 0462F9691D0C6EE800EBBCED /* UDPReceiveObserver.swift */; };
		0462F97E1D0C6EE800EBBCED /* UDPReceiveObserver.swift in Sources */ = {isa = PBXBuildFile; fileRef = 0462F9691D0C6EE800EBBCED /* UDPReceiveObserver.swift */; };
		0462F97F1D0C6EE800EBBCED /* UDPReceiveObserver.swift in Sources */ = {isa = PBXBuildFile; fileRef = 0462F9691D0C6EE800EBBCED /* UDPReceiveObserver.swift */; };
		0462F9801D0C6EE800EBBCED /* UDPSendObserver.swift in Sources */ = {isa = PBXBuildFile; fileRef = 0462F96A1D0C6EE800EBBCED /* UDPSendObserver.swift */; };
		0462F9811D0C6EE800EBBCED /* UDPSendObserver.swift in Sources */ = {isa = PBXBuildFile; fileRef = 0462F96A1D0C6EE800EBBCED /* UDPSendObserver.swift */; };
		0462F9821D0C6EE800EBBCED /* UDPSendObserver.swift in Sources */ = {isa = PBXBuildFile; fileRef = 0462F96A1D0C6EE800EBBCED /* UDPSendObserver.swift */; };
		04A970C21C1E31B3006ACBC7 /* SwiftAsyncSocket.h in Headers */ = {isa = PBXBuildFile; fileRef = 04F04A5A1C1A519900B94EFD /* SwiftAsyncSocket.h */; settings = {ATTRIBUTES = (Public, ); }; };
		04A970CF1C1E76D7006ACBC7 /* SwiftAsyncSocketTests.swift in Sources */ = {isa = PBXBuildFile; fileRef = 04F04A661C1A519A00B94EFD /* SwiftAsyncSocketTests.swift */; };
		04F04A5B1C1A519900B94EFD /* SwiftAsyncSocket.h in Headers */ = {isa = PBXBuildFile; fileRef = 04F04A5A1C1A519900B94EFD /* SwiftAsyncSocket.h */; settings = {ATTRIBUTES = (Public, ); }; };
		04F04A621C1A519A00B94EFD /* SwiftAsyncSocket.framework in Frameworks */ = {isa = PBXBuildFile; fileRef = 04F04A571C1A519900B94EFD /* SwiftAsyncSocket.framework */; };
		04F04A671C1A519A00B94EFD /* SwiftAsyncSocketTests.swift in Sources */ = {isa = PBXBuildFile; fileRef = 04F04A661C1A519A00B94EFD /* SwiftAsyncSocketTests.swift */; };
		04F04A801C1A51FF00B94EFD /* SwiftAsyncSocket.framework in Frameworks */ = {isa = PBXBuildFile; fileRef = 04F04A761C1A51FE00B94EFD /* SwiftAsyncSocket.framework */; };
		04F04A8D1C1A522900B94EFD /* SwiftAsyncSocket.h in Headers */ = {isa = PBXBuildFile; fileRef = 04F04A5A1C1A519900B94EFD /* SwiftAsyncSocket.h */; settings = {ATTRIBUTES = (Public, ); }; };
		04F04A8E1C1A522D00B94EFD /* SwiftAsyncSocketTests.swift in Sources */ = {isa = PBXBuildFile; fileRef = 04F04A661C1A519A00B94EFD /* SwiftAsyncSocketTests.swift */; };
		04F04A9E1C1A52BB00B94EFD /* SwiftAsyncSocket.framework in Frameworks */ = {isa = PBXBuildFile; fileRef = 04F04A941C1A52BB00B94EFD /* SwiftAsyncSocket.framework */; };
/* End PBXBuildFile section */

/* Begin PBXContainerItemProxy section */
		04F04A631C1A519A00B94EFD /* PBXContainerItemProxy */ = {
			isa = PBXContainerItemProxy;
			containerPortal = 04F04A4E1C1A519900B94EFD /* Project object */;
			proxyType = 1;
			remoteGlobalIDString = 04F04A561C1A519900B94EFD;
			remoteInfo = SwiftAsyncSocket;
		};
		04F04A811C1A51FF00B94EFD /* PBXContainerItemProxy */ = {
			isa = PBXContainerItemProxy;
			containerPortal = 04F04A4E1C1A519900B94EFD /* Project object */;
			proxyType = 1;
			remoteGlobalIDString = 04F04A751C1A51FE00B94EFD;
			remoteInfo = SwiftAsyncSocketiOS;
		};
		04F04A9F1C1A52BB00B94EFD /* PBXContainerItemProxy */ = {
			isa = PBXContainerItemProxy;
			containerPortal = 04F04A4E1C1A519900B94EFD /* Project object */;
			proxyType = 1;
			remoteGlobalIDString = 04F04A931C1A52BB00B94EFD;
			remoteInfo = SwiftAsyncSocketTvOS;
		};
/* End PBXContainerItemProxy section */

/* Begin PBXCopyFilesBuildPhase section */
		049BE8571C3046E100431B48 /* Framework */ = {
			isa = PBXCopyFilesBuildPhase;
			buildActionMask = 2147483647;
			dstPath = "";
			dstSubfolderSpec = 11;
			files = (
			);
			name = Framework;
			runOnlyForDeploymentPostprocessing = 0;
		};
/* End PBXCopyFilesBuildPhase section */

/* Begin PBXFileReference section */
		046261A91D09DD8600CBFF0F /* Shims.swift */ = {isa = PBXFileReference; fileEncoding = 4; lastKnownFileType = sourcecode.swift; path = Shims.swift; sourceTree = "<group>"; };
		0462F9631D0C6EE800EBBCED /* AsyncUDPSocket+Internal.swift */ = {isa = PBXFileReference; fileEncoding = 4; lastKnownFileType = sourcecode.swift; path = "AsyncUDPSocket+Internal.swift"; sourceTree = "<group>"; };
		0462F9641D0C6EE800EBBCED /* AsyncUDPSocket+Multicast.swift */ = {isa = PBXFileReference; fileEncoding = 4; lastKnownFileType = sourcecode.swift; path = "AsyncUDPSocket+Multicast.swift"; sourceTree = "<group>"; };
		0462F9651D0C6EE800EBBCED /* AsyncUDPSocket+ReceiveData.swift */ = {isa = PBXFileReference; fileEncoding = 4; lastKnownFileType = sourcecode.swift; path = "AsyncUDPSocket+ReceiveData.swift"; sourceTree = "<group>"; };
		0462F9661D0C6EE800EBBCED /* AsyncUDPSocket+SendData.swift */ = {isa = PBXFileReference; fileEncoding = 4; lastKnownFileType = sourcecode.swift; path = "AsyncUDPSocket+SendData.swift"; sourceTree = "<group>"; };
		0462F9671D0C6EE800EBBCED /* AsyncUDPSocket.swift */ = {isa = PBXFileReference; fileEncoding = 4; lastKnownFileType = sourcecode.swift; path = AsyncUDPSocket.swift; sourceTree = "<group>"; };
		0462F9681D0C6EE800EBBCED /* AsyncUDPSocketObserver.swift */ = {isa = PBXFileReference; fileEncoding = 4; lastKnownFileType = sourcecode.swift; path = AsyncUDPSocketObserver.swift; sourceTree = "<group>"; };
		0462F9691D0C6EE800EBBCED /* UDPReceiveObserver.swift */ = {isa = PBXFileReference; fileEncoding = 4; lastKnownFileType = sourcecode.swift; path = UDPReceiveObserver.swift; sourceTree = "<group>"; };
		0462F96A1D0C6EE800EBBCED /* UDPSendObserver.swift */ = {isa = PBXFileReference; fileEncoding = 4; lastKnownFileType = sourcecode.swift; path = UDPSendObserver.swift; sourceTree = "<group>"; };
		046458E51CFCD61A005B0CDE /* LICENSE */ = {isa = PBXFileReference; lastKnownFileType = text; path = LICENSE; sourceTree = "<group>"; };
		046458E61CFCD61A005B0CDE /* README.md */ = {isa = PBXFileReference; lastKnownFileType = net.daringfireball.markdown; path = README.md; sourceTree = "<group>"; };
		04F04A571C1A519900B94EFD /* SwiftAsyncSocket.framework */ = {isa = PBXFileReference; explicitFileType = wrapper.framework; includeInIndex = 0; path = SwiftAsyncSocket.framework; sourceTree = BUILT_PRODUCTS_DIR; };
		04F04A5A1C1A519900B94EFD /* SwiftAsyncSocket.h */ = {isa = PBXFileReference; lastKnownFileType = sourcecode.c.h; path = SwiftAsyncSocket.h; sourceTree = "<group>"; };
		04F04A611C1A519A00B94EFD /* SwiftAsyncSocketTests.xctest */ = {isa = PBXFileReference; explicitFileType = wrapper.cfbundle; includeInIndex = 0; path = SwiftAsyncSocketTests.xctest; sourceTree = BUILT_PRODUCTS_DIR; };
		04F04A661C1A519A00B94EFD /* SwiftAsyncSocketTests.swift */ = {isa = PBXFileReference; lastKnownFileType = sourcecode.swift; path = SwiftAsyncSocketTests.swift; sourceTree = "<group>"; };
		04F04A681C1A519A00B94EFD /* Info.plist */ = {isa = PBXFileReference; lastKnownFileType = text.plist.xml; path = Info.plist; sourceTree = "<group>"; };
		04F04A761C1A51FE00B94EFD /* SwiftAsyncSocket.framework */ = {isa = PBXFileReference; explicitFileType = wrapper.framework; includeInIndex = 0; path = SwiftAsyncSocket.framework; sourceTree = BUILT_PRODUCTS_DIR; };
		04F04A7F1C1A51FF00B94EFD /* SwiftAsyncSocketiOSTests.xctest */ = {isa = PBXFileReference; explicitFileType = wrapper.cfbundle; includeInIndex = 0; path = SwiftAsyncSocketiOSTests.xctest; sourceTree = BUILT_PRODUCTS_DIR; };
		04F04A941C1A52BB00B94EFD /* SwiftAsyncSocket.framework */ = {isa = PBXFileReference; explicitFileType = wrapper.framework; includeInIndex = 0; path = SwiftAsyncSocket.framework; sourceTree = BUILT_PRODUCTS_DIR; };
		04F04A9D1C1A52BB00B94EFD /* SwiftAsyncSocketTvOSTests.xctest */ = {isa = PBXFileReference; explicitFileType = wrapper.cfbundle; includeInIndex = 0; path = SwiftAsyncSocketTvOSTests.xctest; sourceTree = BUILT_PRODUCTS_DIR; };
/* End PBXFileReference section */

/* Begin PBXFrameworksBuildPhase section */
		04F04A531C1A519900B94EFD /* Frameworks */ = {
			isa = PBXFrameworksBuildPhase;
			buildActionMask = 2147483647;
			files = (
			);
			runOnlyForDeploymentPostprocessing = 0;
		};
		04F04A5E1C1A519A00B94EFD /* Frameworks */ = {
			isa = PBXFrameworksBuildPhase;
			buildActionMask = 2147483647;
			files = (
				04F04A621C1A519A00B94EFD /* SwiftAsyncSocket.framework in Frameworks */,
			);
			runOnlyForDeploymentPostprocessing = 0;
		};
		04F04A721C1A51FE00B94EFD /* Frameworks */ = {
			isa = PBXFrameworksBuildPhase;
			buildActionMask = 2147483647;
			files = (
			);
			runOnlyForDeploymentPostprocessing = 0;
		};
		04F04A7C1C1A51FF00B94EFD /* Frameworks */ = {
			isa = PBXFrameworksBuildPhase;
			buildActionMask = 2147483647;
			files = (
				04F04A801C1A51FF00B94EFD /* SwiftAsyncSocket.framework in Frameworks */,
			);
			runOnlyForDeploymentPostprocessing = 0;
		};
		04F04A901C1A52BB00B94EFD /* Frameworks */ = {
			isa = PBXFrameworksBuildPhase;
			buildActionMask = 2147483647;
			files = (
			);
			runOnlyForDeploymentPostprocessing = 0;
		};
		04F04A9A1C1A52BB00B94EFD /* Frameworks */ = {
			isa = PBXFrameworksBuildPhase;
			buildActionMask = 2147483647;
			files = (
				04F04A9E1C1A52BB00B94EFD /* SwiftAsyncSocket.framework in Frameworks */,
			);
			runOnlyForDeploymentPostprocessing = 0;
		};
/* End PBXFrameworksBuildPhase section */

/* Begin PBXGroup section */
		0462F9611D0C6EE800EBBCED /* AsyncSocket */ = {
			isa = PBXGroup;
			children = (
				0462F9621D0C6EE800EBBCED /* UDP */,
			);
			path = AsyncSocket;
			sourceTree = "<group>";
		};
		0462F9621D0C6EE800EBBCED /* UDP */ = {
			isa = PBXGroup;
			children = (
				0462F9631D0C6EE800EBBCED /* AsyncUDPSocket+Internal.swift */,
				0462F9641D0C6EE800EBBCED /* AsyncUDPSocket+Multicast.swift */,
				0462F9651D0C6EE800EBBCED /* AsyncUDPSocket+ReceiveData.swift */,
				0462F9661D0C6EE800EBBCED /* AsyncUDPSocket+SendData.swift */,
				0462F9671D0C6EE800EBBCED /* AsyncUDPSocket.swift */,
				0462F9681D0C6EE800EBBCED /* AsyncUDPSocketObserver.swift */,
				0462F9691D0C6EE800EBBCED /* UDPReceiveObserver.swift */,
				0462F96A1D0C6EE800EBBCED /* UDPSendObserver.swift */,
			);
			path = UDP;
			sourceTree = "<group>";
		};
		04F04A4D1C1A519900B94EFD = {
			isa = PBXGroup;
			children = (
				046458E51CFCD61A005B0CDE /* LICENSE */,
				046458E61CFCD61A005B0CDE /* README.md */,
				04F04A591C1A519900B94EFD /* Sources */,
				04F04A651C1A519A00B94EFD /* SwiftAsyncSocketTests */,
				04F04A581C1A519900B94EFD /* Products */,
			);
			sourceTree = "<group>";
		};
		04F04A581C1A519900B94EFD /* Products */ = {
			isa = PBXGroup;
			children = (
				04F04A571C1A519900B94EFD /* SwiftAsyncSocket.framework */,
				04F04A611C1A519A00B94EFD /* SwiftAsyncSocketTests.xctest */,
				04F04A761C1A51FE00B94EFD /* SwiftAsyncSocket.framework */,
				04F04A7F1C1A51FF00B94EFD /* SwiftAsyncSocketiOSTests.xctest */,
				04F04A941C1A52BB00B94EFD /* SwiftAsyncSocket.framework */,
				04F04A9D1C1A52BB00B94EFD /* SwiftAsyncSocketTvOSTests.xctest */,
			);
			name = Products;
			sourceTree = "<group>";
		};
		04F04A591C1A519900B94EFD /* Sources */ = {
			isa = PBXGroup;
			children = (
				04F04A5A1C1A519900B94EFD /* SwiftAsyncSocket.h */,
				046261A91D09DD8600CBFF0F /* Shims.swift */,
				0462F9611D0C6EE800EBBCED /* AsyncSocket */,
			);
			path = Sources;
			sourceTree = "<group>";
		};
		04F04A651C1A519A00B94EFD /* SwiftAsyncSocketTests */ = {
			isa = PBXGroup;
			children = (
				04F04A661C1A519A00B94EFD /* SwiftAsyncSocketTests.swift */,
				04F04A681C1A519A00B94EFD /* Info.plist */,
			);
			path = SwiftAsyncSocketTests;
			sourceTree = "<group>";
		};
/* End PBXGroup section */

/* Begin PBXHeadersBuildPhase section */
		04F04A541C1A519900B94EFD /* Headers */ = {
			isa = PBXHeadersBuildPhase;
			buildActionMask = 2147483647;
			files = (
				04F04A5B1C1A519900B94EFD /* SwiftAsyncSocket.h in Headers */,
			);
			runOnlyForDeploymentPostprocessing = 0;
		};
		04F04A731C1A51FE00B94EFD /* Headers */ = {
			isa = PBXHeadersBuildPhase;
			buildActionMask = 2147483647;
			files = (
				04F04A8D1C1A522900B94EFD /* SwiftAsyncSocket.h in Headers */,
			);
			runOnlyForDeploymentPostprocessing = 0;
		};
		04F04A911C1A52BB00B94EFD /* Headers */ = {
			isa = PBXHeadersBuildPhase;
			buildActionMask = 2147483647;
			files = (
				04A970C21C1E31B3006ACBC7 /* SwiftAsyncSocket.h in Headers */,
			);
			runOnlyForDeploymentPostprocessing = 0;
		};
/* End PBXHeadersBuildPhase section */

/* Begin PBXNativeTarget section */
		04F04A561C1A519900B94EFD /* SwiftAsyncSocket */ = {
			isa = PBXNativeTarget;
			buildConfigurationList = 04F04A6B1C1A519A00B94EFD /* Build configuration list for PBXNativeTarget "SwiftAsyncSocket" */;
			buildPhases = (
				04F04A521C1A519900B94EFD /* Sources */,
				04F04A531C1A519900B94EFD /* Frameworks */,
				04F04A541C1A519900B94EFD /* Headers */,
				04F04A551C1A519900B94EFD /* Resources */,
				049BE8571C3046E100431B48 /* Framework */,
			);
			buildRules = (
			);
			dependencies = (
			);
			name = SwiftAsyncSocket;
			productName = SwiftAsyncSocket;
			productReference = 04F04A571C1A519900B94EFD /* SwiftAsyncSocket.framework */;
			productType = "com.apple.product-type.framework";
		};
		04F04A601C1A519A00B94EFD /* SwiftAsyncSocketTests */ = {
			isa = PBXNativeTarget;
			buildConfigurationList = 04F04A6E1C1A519A00B94EFD /* Build configuration list for PBXNativeTarget "SwiftAsyncSocketTests" */;
			buildPhases = (
				04F04A5D1C1A519A00B94EFD /* Sources */,
				04F04A5E1C1A519A00B94EFD /* Frameworks */,
				04F04A5F1C1A519A00B94EFD /* Resources */,
			);
			buildRules = (
			);
			dependencies = (
				04F04A641C1A519A00B94EFD /* PBXTargetDependency */,
			);
			name = SwiftAsyncSocketTests;
			productName = SwiftAsyncSocketTests;
			productReference = 04F04A611C1A519A00B94EFD /* SwiftAsyncSocketTests.xctest */;
			productType = "com.apple.product-type.bundle.unit-test";
		};
		04F04A751C1A51FE00B94EFD /* SwiftAsyncSocketiOS */ = {
			isa = PBXNativeTarget;
			buildConfigurationList = 04F04A871C1A51FF00B94EFD /* Build configuration list for PBXNativeTarget "SwiftAsyncSocketiOS" */;
			buildPhases = (
				04F04A711C1A51FE00B94EFD /* Sources */,
				04F04A721C1A51FE00B94EFD /* Frameworks */,
				04F04A731C1A51FE00B94EFD /* Headers */,
				04F04A741C1A51FE00B94EFD /* Resources */,
			);
			buildRules = (
			);
			dependencies = (
			);
			name = SwiftAsyncSocketiOS;
			productName = SwiftAsyncSocketiOS;
			productReference = 04F04A761C1A51FE00B94EFD /* SwiftAsyncSocket.framework */;
			productType = "com.apple.product-type.framework";
		};
		04F04A7E1C1A51FF00B94EFD /* SwiftAsyncSocketiOSTests */ = {
			isa = PBXNativeTarget;
			buildConfigurationList = 04F04A8A1C1A51FF00B94EFD /* Build configuration list for PBXNativeTarget "SwiftAsyncSocketiOSTests" */;
			buildPhases = (
				04F04A7B1C1A51FF00B94EFD /* Sources */,
				04F04A7C1C1A51FF00B94EFD /* Frameworks */,
				04F04A7D1C1A51FF00B94EFD /* Resources */,
			);
			buildRules = (
			);
			dependencies = (
				04F04A821C1A51FF00B94EFD /* PBXTargetDependency */,
			);
			name = SwiftAsyncSocketiOSTests;
			productName = SwiftAsyncSocketiOSTests;
			productReference = 04F04A7F1C1A51FF00B94EFD /* SwiftAsyncSocketiOSTests.xctest */;
			productType = "com.apple.product-type.bundle.unit-test";
		};
		04F04A931C1A52BB00B94EFD /* SwiftAsyncSocketTvOS */ = {
			isa = PBXNativeTarget;
			buildConfigurationList = 04F04AA51C1A52BB00B94EFD /* Build configuration list for PBXNativeTarget "SwiftAsyncSocketTvOS" */;
			buildPhases = (
				04F04A8F1C1A52BB00B94EFD /* Sources */,
				04F04A901C1A52BB00B94EFD /* Frameworks */,
				04F04A911C1A52BB00B94EFD /* Headers */,
				04F04A921C1A52BB00B94EFD /* Resources */,
			);
			buildRules = (
			);
			dependencies = (
			);
			name = SwiftAsyncSocketTvOS;
			productName = SwiftAsyncSocketTvOS;
			productReference = 04F04A941C1A52BB00B94EFD /* SwiftAsyncSocket.framework */;
			productType = "com.apple.product-type.framework";
		};
		04F04A9C1C1A52BB00B94EFD /* SwiftAsyncSocketTvOSTests */ = {
			isa = PBXNativeTarget;
			buildConfigurationList = 04F04AA81C1A52BB00B94EFD /* Build configuration list for PBXNativeTarget "SwiftAsyncSocketTvOSTests" */;
			buildPhases = (
				04F04A991C1A52BB00B94EFD /* Sources */,
				04F04A9A1C1A52BB00B94EFD /* Frameworks */,
				04F04A9B1C1A52BB00B94EFD /* Resources */,
			);
			buildRules = (
			);
			dependencies = (
				04F04AA01C1A52BB00B94EFD /* PBXTargetDependency */,
			);
			name = SwiftAsyncSocketTvOSTests;
			productName = SwiftAsyncSocketTvOSTests;
			productReference = 04F04A9D1C1A52BB00B94EFD /* SwiftAsyncSocketTvOSTests.xctest */;
			productType = "com.apple.product-type.bundle.unit-test";
		};
/* End PBXNativeTarget section */

/* Begin PBXProject section */
		04F04A4E1C1A519900B94EFD /* Project object */ = {
			isa = PBXProject;
			attributes = {
				LastSwiftUpdateCheck = 0720;
				LastUpgradeCheck = 0720;
				ORGANIZATIONNAME = "Kevin A. Hoogheem";
				TargetAttributes = {
					04F04A561C1A519900B94EFD = {
						CreatedOnToolsVersion = 7.2;
					};
					04F04A601C1A519A00B94EFD = {
						CreatedOnToolsVersion = 7.2;
					};
					04F04A751C1A51FE00B94EFD = {
						CreatedOnToolsVersion = 7.2;
					};
					04F04A7E1C1A51FF00B94EFD = {
						CreatedOnToolsVersion = 7.2;
					};
					04F04A931C1A52BB00B94EFD = {
						CreatedOnToolsVersion = 7.2;
					};
					04F04A9C1C1A52BB00B94EFD = {
						CreatedOnToolsVersion = 7.2;
					};
				};
			};
			buildConfigurationList = 04F04A511C1A519900B94EFD /* Build configuration list for PBXProject "SwiftAsyncSocket" */;
			compatibilityVersion = "Xcode 3.2";
			developmentRegion = English;
			hasScannedForEncodings = 0;
			knownRegions = (
				en,
			);
			mainGroup = 04F04A4D1C1A519900B94EFD;
			productRefGroup = 04F04A581C1A519900B94EFD /* Products */;
			projectDirPath = "";
			projectRoot = "";
			targets = (
				04F04A561C1A519900B94EFD /* SwiftAsyncSocket */,
				04F04A601C1A519A00B94EFD /* SwiftAsyncSocketTests */,
				04F04A751C1A51FE00B94EFD /* SwiftAsyncSocketiOS */,
				04F04A7E1C1A51FF00B94EFD /* SwiftAsyncSocketiOSTests */,
				04F04A931C1A52BB00B94EFD /* SwiftAsyncSocketTvOS */,
				04F04A9C1C1A52BB00B94EFD /* SwiftAsyncSocketTvOSTests */,
			);
		};
/* End PBXProject section */

/* Begin PBXResourcesBuildPhase section */
		04F04A551C1A519900B94EFD /* Resources */ = {
			isa = PBXResourcesBuildPhase;
			buildActionMask = 2147483647;
			files = (
			);
			runOnlyForDeploymentPostprocessing = 0;
		};
		04F04A5F1C1A519A00B94EFD /* Resources */ = {
			isa = PBXResourcesBuildPhase;
			buildActionMask = 2147483647;
			files = (
			);
			runOnlyForDeploymentPostprocessing = 0;
		};
		04F04A741C1A51FE00B94EFD /* Resources */ = {
			isa = PBXResourcesBuildPhase;
			buildActionMask = 2147483647;
			files = (
			);
			runOnlyForDeploymentPostprocessing = 0;
		};
		04F04A7D1C1A51FF00B94EFD /* Resources */ = {
			isa = PBXResourcesBuildPhase;
			buildActionMask = 2147483647;
			files = (
			);
			runOnlyForDeploymentPostprocessing = 0;
		};
		04F04A921C1A52BB00B94EFD /* Resources */ = {
			isa = PBXResourcesBuildPhase;
			buildActionMask = 2147483647;
			files = (
			);
			runOnlyForDeploymentPostprocessing = 0;
		};
		04F04A9B1C1A52BB00B94EFD /* Resources */ = {
			isa = PBXResourcesBuildPhase;
			buildActionMask = 2147483647;
			files = (
			);
			runOnlyForDeploymentPostprocessing = 0;
		};
/* End PBXResourcesBuildPhase section */

/* Begin PBXSourcesBuildPhase section */
		04F04A521C1A519900B94EFD /* Sources */ = {
			isa = PBXSourcesBuildPhase;
			buildActionMask = 2147483647;
			files = (
				0462F97A1D0C6EE800EBBCED /* AsyncUDPSocketObserver.swift in Sources */,
				0462F96B1D0C6EE800EBBCED /* AsyncUDPSocket+Internal.swift in Sources */,
				0462F9771D0C6EE800EBBCED /* AsyncUDPSocket.swift in Sources */,
				0462F96E1D0C6EE800EBBCED /* AsyncUDPSocket+Multicast.swift in Sources */,
				0462F9801D0C6EE800EBBCED /* UDPSendObserver.swift in Sources */,
				0462F9741D0C6EE800EBBCED /* AsyncUDPSocket+SendData.swift in Sources */,
				0462F9711D0C6EE800EBBCED /* AsyncUDPSocket+ReceiveData.swift in Sources */,
				046261AA1D09DD8600CBFF0F /* Shims.swift in Sources */,
				0462F97D1D0C6EE800EBBCED /* UDPReceiveObserver.swift in Sources */,
			);
			runOnlyForDeploymentPostprocessing = 0;
		};
		04F04A5D1C1A519A00B94EFD /* Sources */ = {
			isa = PBXSourcesBuildPhase;
			buildActionMask = 2147483647;
			files = (
				04F04A671C1A519A00B94EFD /* SwiftAsyncSocketTests.swift in Sources */,
			);
			runOnlyForDeploymentPostprocessing = 0;
		};
		04F04A711C1A51FE00B94EFD /* Sources */ = {
			isa = PBXSourcesBuildPhase;
			buildActionMask = 2147483647;
			files = (
				0462F97B1D0C6EE800EBBCED /* AsyncUDPSocketObserver.swift in Sources */,
				0462F96C1D0C6EE800EBBCED /* AsyncUDPSocket+Internal.swift in Sources */,
				0462F9781D0C6EE800EBBCED /* AsyncUDPSocket.swift in Sources */,
				0462F96F1D0C6EE800EBBCED /* AsyncUDPSocket+Multicast.swift in Sources */,
				0462F9811D0C6EE800EBBCED /* UDPSendObserver.swift in Sources */,
				0462F9751D0C6EE800EBBCED /* AsyncUDPSocket+SendData.swift in Sources */,
				0462F9721D0C6EE800EBBCED /* AsyncUDPSocket+ReceiveData.swift in Sources */,
				046261AB1D09DD8600CBFF0F /* Shims.swift in Sources */,
				0462F97E1D0C6EE800EBBCED /* UDPReceiveObserver.swift in Sources */,
			);
			runOnlyForDeploymentPostprocessing = 0;
		};
		04F04A7B1C1A51FF00B94EFD /* Sources */ = {
			isa = PBXSourcesBuildPhase;
			buildActionMask = 2147483647;
			files = (
				04F04A8E1C1A522D00B94EFD /* SwiftAsyncSocketTests.swift in Sources */,
			);
			runOnlyForDeploymentPostprocessing = 0;
		};
		04F04A8F1C1A52BB00B94EFD /* Sources */ = {
			isa = PBXSourcesBuildPhase;
			buildActionMask = 2147483647;
			files = (
				0462F97C1D0C6EE800EBBCED /* AsyncUDPSocketObserver.swift in Sources */,
				0462F96D1D0C6EE800EBBCED /* AsyncUDPSocket+Internal.swift in Sources */,
				0462F9791D0C6EE800EBBCED /* AsyncUDPSocket.swift in Sources */,
				0462F9701D0C6EE800EBBCED /* AsyncUDPSocket+Multicast.swift in Sources */,
				0462F9821D0C6EE800EBBCED /* UDPSendObserver.swift in Sources */,
				0462F9761D0C6EE800EBBCED /* AsyncUDPSocket+SendData.swift in Sources */,
				0462F9731D0C6EE800EBBCED /* AsyncUDPSocket+ReceiveData.swift in Sources */,
				046261AC1D09DD8600CBFF0F /* Shims.swift in Sources */,
				0462F97F1D0C6EE800EBBCED /* UDPReceiveObserver.swift in Sources */,
			);
			runOnlyForDeploymentPostprocessing = 0;
		};
		04F04A991C1A52BB00B94EFD /* Sources */ = {
			isa = PBXSourcesBuildPhase;
			buildActionMask = 2147483647;
			files = (
				04A970CF1C1E76D7006ACBC7 /* SwiftAsyncSocketTests.swift in Sources */,
			);
			runOnlyForDeploymentPostprocessing = 0;
		};
/* End PBXSourcesBuildPhase section */

/* Begin PBXTargetDependency section */
		04F04A641C1A519A00B94EFD /* PBXTargetDependency */ = {
			isa = PBXTargetDependency;
			target = 04F04A561C1A519900B94EFD /* SwiftAsyncSocket */;
			targetProxy = 04F04A631C1A519A00B94EFD /* PBXContainerItemProxy */;
		};
		04F04A821C1A51FF00B94EFD /* PBXTargetDependency */ = {
			isa = PBXTargetDependency;
			target = 04F04A751C1A51FE00B94EFD /* SwiftAsyncSocketiOS */;
			targetProxy = 04F04A811C1A51FF00B94EFD /* PBXContainerItemProxy */;
		};
		04F04AA01C1A52BB00B94EFD /* PBXTargetDependency */ = {
			isa = PBXTargetDependency;
			target = 04F04A931C1A52BB00B94EFD /* SwiftAsyncSocketTvOS */;
			targetProxy = 04F04A9F1C1A52BB00B94EFD /* PBXContainerItemProxy */;
		};
/* End PBXTargetDependency section */

/* Begin XCBuildConfiguration section */
		04F04A691C1A519A00B94EFD /* Debug */ = {
			isa = XCBuildConfiguration;
			buildSettings = {
				ALWAYS_SEARCH_USER_PATHS = NO;
				CLANG_CXX_LANGUAGE_STANDARD = "gnu++0x";
				CLANG_CXX_LIBRARY = "libc++";
				CLANG_ENABLE_MODULES = YES;
				CLANG_ENABLE_OBJC_ARC = YES;
				CLANG_WARN_BOOL_CONVERSION = YES;
				CLANG_WARN_CONSTANT_CONVERSION = YES;
				CLANG_WARN_DIRECT_OBJC_ISA_USAGE = YES_ERROR;
				CLANG_WARN_EMPTY_BODY = YES;
				CLANG_WARN_ENUM_CONVERSION = YES;
				CLANG_WARN_INT_CONVERSION = YES;
				CLANG_WARN_OBJC_ROOT_CLASS = YES_ERROR;
				CLANG_WARN_UNREACHABLE_CODE = YES;
				CLANG_WARN__DUPLICATE_METHOD_MATCH = YES;
				CODE_SIGN_IDENTITY = "-";
				COPY_PHASE_STRIP = NO;
				CURRENT_PROJECT_VERSION = 1;
				DEBUG_INFORMATION_FORMAT = dwarf;
				ENABLE_STRICT_OBJC_MSGSEND = YES;
				ENABLE_TESTABILITY = YES;
				GCC_C_LANGUAGE_STANDARD = gnu99;
				GCC_DYNAMIC_NO_PIC = NO;
				GCC_NO_COMMON_BLOCKS = YES;
				GCC_OPTIMIZATION_LEVEL = 0;
				GCC_PREPROCESSOR_DEFINITIONS = (
					"DEBUG=1",
					"$(inherited)",
				);
				GCC_WARN_64_TO_32_BIT_CONVERSION = YES;
				GCC_WARN_ABOUT_RETURN_TYPE = YES_ERROR;
				GCC_WARN_UNDECLARED_SELECTOR = YES;
				GCC_WARN_UNINITIALIZED_AUTOS = YES_AGGRESSIVE;
				GCC_WARN_UNUSED_FUNCTION = YES;
				GCC_WARN_UNUSED_VARIABLE = YES;
				MACOSX_DEPLOYMENT_TARGET = 10.11;
				MTL_ENABLE_DEBUG_INFO = YES;
				ONLY_ACTIVE_ARCH = YES;
				SDKROOT = macosx;
				SWIFT_OPTIMIZATION_LEVEL = "-Onone";
				VERSIONING_SYSTEM = "apple-generic";
				VERSION_INFO_PREFIX = "";
			};
			name = Debug;
		};
		04F04A6A1C1A519A00B94EFD /* Release */ = {
			isa = XCBuildConfiguration;
			buildSettings = {
				ALWAYS_SEARCH_USER_PATHS = NO;
				CLANG_CXX_LANGUAGE_STANDARD = "gnu++0x";
				CLANG_CXX_LIBRARY = "libc++";
				CLANG_ENABLE_MODULES = YES;
				CLANG_ENABLE_OBJC_ARC = YES;
				CLANG_WARN_BOOL_CONVERSION = YES;
				CLANG_WARN_CONSTANT_CONVERSION = YES;
				CLANG_WARN_DIRECT_OBJC_ISA_USAGE = YES_ERROR;
				CLANG_WARN_EMPTY_BODY = YES;
				CLANG_WARN_ENUM_CONVERSION = YES;
				CLANG_WARN_INT_CONVERSION = YES;
				CLANG_WARN_OBJC_ROOT_CLASS = YES_ERROR;
				CLANG_WARN_UNREACHABLE_CODE = YES;
				CLANG_WARN__DUPLICATE_METHOD_MATCH = YES;
				CODE_SIGN_IDENTITY = "-";
				COPY_PHASE_STRIP = NO;
				CURRENT_PROJECT_VERSION = 1;
				DEBUG_INFORMATION_FORMAT = "dwarf-with-dsym";
				ENABLE_NS_ASSERTIONS = NO;
				ENABLE_STRICT_OBJC_MSGSEND = YES;
				GCC_C_LANGUAGE_STANDARD = gnu99;
				GCC_NO_COMMON_BLOCKS = YES;
				GCC_WARN_64_TO_32_BIT_CONVERSION = YES;
				GCC_WARN_ABOUT_RETURN_TYPE = YES_ERROR;
				GCC_WARN_UNDECLARED_SELECTOR = YES;
				GCC_WARN_UNINITIALIZED_AUTOS = YES_AGGRESSIVE;
				GCC_WARN_UNUSED_FUNCTION = YES;
				GCC_WARN_UNUSED_VARIABLE = YES;
				MACOSX_DEPLOYMENT_TARGET = 10.11;
				MTL_ENABLE_DEBUG_INFO = NO;
				SDKROOT = macosx;
				VERSIONING_SYSTEM = "apple-generic";
				VERSION_INFO_PREFIX = "";
			};
			name = Release;
		};
		04F04A6C1C1A519A00B94EFD /* Debug */ = {
			isa = XCBuildConfiguration;
			buildSettings = {
				CLANG_ENABLE_MODULES = YES;
				COMBINE_HIDPI_IMAGES = YES;
				DEFINES_MODULE = YES;
				DYLIB_COMPATIBILITY_VERSION = 1;
				DYLIB_CURRENT_VERSION = 1;
				DYLIB_INSTALL_NAME_BASE = "@rpath";
				EMBEDDED_CONTENT_CONTAINS_SWIFT = YES;
				FRAMEWORK_VERSION = A;
				INFOPLIST_FILE = Sources/Info.plist;
				INSTALL_PATH = "$(LOCAL_LIBRARY_DIR)/Frameworks";
				LD_RUNPATH_SEARCH_PATHS = "$(inherited) @executable_path/../Frameworks @loader_path/Frameworks";
				PRODUCT_BUNDLE_IDENTIFIER = net.hoogheem.SwiftAsyncSocket;
				PRODUCT_NAME = "$(TARGET_NAME)";
				SKIP_INSTALL = YES;
				SWIFT_INCLUDE_PATHS = "${SRCROOT}/SwiftModules";
				SWIFT_OPTIMIZATION_LEVEL = "-Onone";
			};
			name = Debug;
		};
		04F04A6D1C1A519A00B94EFD /* Release */ = {
			isa = XCBuildConfiguration;
			buildSettings = {
				CLANG_ENABLE_MODULES = YES;
				COMBINE_HIDPI_IMAGES = YES;
				DEFINES_MODULE = YES;
				DYLIB_COMPATIBILITY_VERSION = 1;
				DYLIB_CURRENT_VERSION = 1;
				DYLIB_INSTALL_NAME_BASE = "@rpath";
				EMBEDDED_CONTENT_CONTAINS_SWIFT = YES;
				FRAMEWORK_VERSION = A;
				INFOPLIST_FILE = Sources/Info.plist;
				INSTALL_PATH = "$(LOCAL_LIBRARY_DIR)/Frameworks";
				LD_RUNPATH_SEARCH_PATHS = "$(inherited) @executable_path/../Frameworks @loader_path/Frameworks";
				PRODUCT_BUNDLE_IDENTIFIER = net.hoogheem.SwiftAsyncSocket;
				PRODUCT_NAME = "$(TARGET_NAME)";
				SKIP_INSTALL = YES;
				SWIFT_INCLUDE_PATHS = "${SRCROOT}/SwiftModules";
			};
			name = Release;
		};
		04F04A6F1C1A519A00B94EFD /* Debug */ = {
			isa = XCBuildConfiguration;
			buildSettings = {
				COMBINE_HIDPI_IMAGES = YES;
				INFOPLIST_FILE = SwiftAsyncSocketTests/Info.plist;
				LD_RUNPATH_SEARCH_PATHS = "$(inherited) @executable_path/../Frameworks @loader_path/../Frameworks";
				PRODUCT_BUNDLE_IDENTIFIER = net.hoogheem.SwiftAsyncSocketTests;
				PRODUCT_NAME = "$(TARGET_NAME)";
			};
			name = Debug;
		};
		04F04A701C1A519A00B94EFD /* Release */ = {
			isa = XCBuildConfiguration;
			buildSettings = {
				COMBINE_HIDPI_IMAGES = YES;
				INFOPLIST_FILE = SwiftAsyncSocketTests/Info.plist;
				LD_RUNPATH_SEARCH_PATHS = "$(inherited) @executable_path/../Frameworks @loader_path/../Frameworks";
				PRODUCT_BUNDLE_IDENTIFIER = net.hoogheem.SwiftAsyncSocketTests;
				PRODUCT_NAME = "$(TARGET_NAME)";
			};
			name = Release;
		};
		04F04A881C1A51FF00B94EFD /* Debug */ = {
			isa = XCBuildConfiguration;
			buildSettings = {
				CLANG_ENABLE_MODULES = YES;
				"CODE_SIGN_IDENTITY[sdk=iphoneos*]" = "iPhone Developer";
				DEFINES_MODULE = YES;
				DYLIB_COMPATIBILITY_VERSION = 1;
				DYLIB_CURRENT_VERSION = 1;
				DYLIB_INSTALL_NAME_BASE = "@rpath";
				EMBEDDED_CONTENT_CONTAINS_SWIFT = YES;
				INFOPLIST_FILE = Sources/Info.plist;
				INSTALL_PATH = "$(LOCAL_LIBRARY_DIR)/Frameworks";
				IPHONEOS_DEPLOYMENT_TARGET = 9.2;
				LD_RUNPATH_SEARCH_PATHS = "$(inherited) @executable_path/Frameworks @loader_path/Frameworks";
				PRODUCT_BUNDLE_IDENTIFIER = net.hoogheem.SwiftAsyncSocketiOS;
				PRODUCT_NAME = SwiftAsyncSocket;
				SDKROOT = iphoneos;
				SKIP_INSTALL = YES;
				SWIFT_INCLUDE_PATHS = "${SRCROOT}/SwiftModules";
				SWIFT_OPTIMIZATION_LEVEL = "-Onone";
				TARGETED_DEVICE_FAMILY = "1,2";
			};
			name = Debug;
		};
		04F04A891C1A51FF00B94EFD /* Release */ = {
			isa = XCBuildConfiguration;
			buildSettings = {
				CLANG_ENABLE_MODULES = YES;
				"CODE_SIGN_IDENTITY[sdk=iphoneos*]" = "iPhone Developer";
				DEFINES_MODULE = YES;
				DYLIB_COMPATIBILITY_VERSION = 1;
				DYLIB_CURRENT_VERSION = 1;
				DYLIB_INSTALL_NAME_BASE = "@rpath";
				EMBEDDED_CONTENT_CONTAINS_SWIFT = YES;
				INFOPLIST_FILE = Sources/Info.plist;
				INSTALL_PATH = "$(LOCAL_LIBRARY_DIR)/Frameworks";
				IPHONEOS_DEPLOYMENT_TARGET = 9.2;
				LD_RUNPATH_SEARCH_PATHS = "$(inherited) @executable_path/Frameworks @loader_path/Frameworks";
				PRODUCT_BUNDLE_IDENTIFIER = net.hoogheem.SwiftAsyncSocketiOS;
				PRODUCT_NAME = SwiftAsyncSocket;
				SDKROOT = iphoneos;
				SKIP_INSTALL = YES;
				SWIFT_INCLUDE_PATHS = "${SRCROOT}/SwiftModules";
				TARGETED_DEVICE_FAMILY = "1,2";
				VALIDATE_PRODUCT = YES;
			};
			name = Release;
		};
		04F04A8B1C1A51FF00B94EFD /* Debug */ = {
			isa = XCBuildConfiguration;
			buildSettings = {
				"CODE_SIGN_IDENTITY[sdk=iphoneos*]" = "iPhone Developer";
				INFOPLIST_FILE = SwiftAsyncSocketTests/Info.plist;
				IPHONEOS_DEPLOYMENT_TARGET = 9.2;
				LD_RUNPATH_SEARCH_PATHS = "$(inherited) @executable_path/Frameworks @loader_path/Frameworks";
				PRODUCT_BUNDLE_IDENTIFIER = net.hoogheem.SwiftAsyncSocketiOSTests;
				PRODUCT_NAME = "$(TARGET_NAME)";
				SDKROOT = iphoneos;
			};
			name = Debug;
		};
		04F04A8C1C1A51FF00B94EFD /* Release */ = {
			isa = XCBuildConfiguration;
			buildSettings = {
				"CODE_SIGN_IDENTITY[sdk=iphoneos*]" = "iPhone Developer";
				INFOPLIST_FILE = SwiftAsyncSocketTests/Info.plist;
				IPHONEOS_DEPLOYMENT_TARGET = 9.2;
				LD_RUNPATH_SEARCH_PATHS = "$(inherited) @executable_path/Frameworks @loader_path/Frameworks";
				PRODUCT_BUNDLE_IDENTIFIER = net.hoogheem.SwiftAsyncSocketiOSTests;
				PRODUCT_NAME = "$(TARGET_NAME)";
				SDKROOT = iphoneos;
				VALIDATE_PRODUCT = YES;
			};
			name = Release;
		};
		04F04AA61C1A52BB00B94EFD /* Debug */ = {
			isa = XCBuildConfiguration;
			buildSettings = {
				CLANG_ENABLE_MODULES = YES;
				DEFINES_MODULE = YES;
				DYLIB_COMPATIBILITY_VERSION = 1;
				DYLIB_CURRENT_VERSION = 1;
				DYLIB_INSTALL_NAME_BASE = "@rpath";
				EMBEDDED_CONTENT_CONTAINS_SWIFT = YES;
				INFOPLIST_FILE = Sources/Info.plist;
				INSTALL_PATH = "$(LOCAL_LIBRARY_DIR)/Frameworks";
				LD_RUNPATH_SEARCH_PATHS = "$(inherited) @executable_path/Frameworks @loader_path/Frameworks";
				PRODUCT_BUNDLE_IDENTIFIER = net.hoogheem.SwiftAsyncSocketTvOS;
				PRODUCT_NAME = SwiftAsyncSocket;
				SDKROOT = appletvos;
				SKIP_INSTALL = YES;
				SWIFT_INCLUDE_PATHS = "${SRCROOT}/SwiftModules";
				SWIFT_OPTIMIZATION_LEVEL = "-Onone";
				TARGETED_DEVICE_FAMILY = 3;
				TVOS_DEPLOYMENT_TARGET = 9.1;
			};
			name = Debug;
		};
		04F04AA71C1A52BB00B94EFD /* Release */ = {
			isa = XCBuildConfiguration;
			buildSettings = {
				CLANG_ENABLE_MODULES = YES;
				DEFINES_MODULE = YES;
				DYLIB_COMPATIBILITY_VERSION = 1;
				DYLIB_CURRENT_VERSION = 1;
				DYLIB_INSTALL_NAME_BASE = "@rpath";
				EMBEDDED_CONTENT_CONTAINS_SWIFT = YES;
				INFOPLIST_FILE = Sources/Info.plist;
				INSTALL_PATH = "$(LOCAL_LIBRARY_DIR)/Frameworks";
				LD_RUNPATH_SEARCH_PATHS = "$(inherited) @executable_path/Frameworks @loader_path/Frameworks";
				PRODUCT_BUNDLE_IDENTIFIER = net.hoogheem.SwiftAsyncSocketTvOS;
				PRODUCT_NAME = SwiftAsyncSocket;
				SDKROOT = appletvos;
				SKIP_INSTALL = YES;
				SWIFT_INCLUDE_PATHS = "${SRCROOT}/SwiftModules";
				TARGETED_DEVICE_FAMILY = 3;
				TVOS_DEPLOYMENT_TARGET = 9.1;
				VALIDATE_PRODUCT = YES;
			};
			name = Release;
		};
		04F04AA91C1A52BB00B94EFD /* Debug */ = {
			isa = XCBuildConfiguration;
			buildSettings = {
				INFOPLIST_FILE = SwiftAsyncSocketTest/Info.plist;
				LD_RUNPATH_SEARCH_PATHS = "$(inherited) @executable_path/Frameworks @loader_path/Frameworks";
				PRODUCT_BUNDLE_IDENTIFIER = net.hoogheem.SwiftAsyncSocketTvOSTests;
				PRODUCT_NAME = "$(TARGET_NAME)";
				SDKROOT = appletvos;
				TVOS_DEPLOYMENT_TARGET = 9.1;
			};
			name = Debug;
		};
		04F04AAA1C1A52BB00B94EFD /* Release */ = {
			isa = XCBuildConfiguration;
			buildSettings = {
				INFOPLIST_FILE = SwiftAsyncSocketTest/Info.plist;
				LD_RUNPATH_SEARCH_PATHS = "$(inherited) @executable_path/Frameworks @loader_path/Frameworks";
				PRODUCT_BUNDLE_IDENTIFIER = net.hoogheem.SwiftAsyncSocketTvOSTests;
				PRODUCT_NAME = "$(TARGET_NAME)";
				SDKROOT = appletvos;
				TVOS_DEPLOYMENT_TARGET = 9.1;
				VALIDATE_PRODUCT = YES;
			};
			name = Release;
		};
/* End XCBuildConfiguration section */

/* Begin XCConfigurationList section */
		04F04A511C1A519900B94EFD /* Build configuration list for PBXProject "SwiftAsyncSocket" */ = {
			isa = XCConfigurationList;
			buildConfigurations = (
				04F04A691C1A519A00B94EFD /* Debug */,
				04F04A6A1C1A519A00B94EFD /* Release */,
			);
			defaultConfigurationIsVisible = 0;
			defaultConfigurationName = Release;
		};
		04F04A6B1C1A519A00B94EFD /* Build configuration list for PBXNativeTarget "SwiftAsyncSocket" */ = {
			isa = XCConfigurationList;
			buildConfigurations = (
				04F04A6C1C1A519A00B94EFD /* Debug */,
				04F04A6D1C1A519A00B94EFD /* Release */,
			);
			defaultConfigurationIsVisible = 0;
			defaultConfigurationName = Release;
		};
		04F04A6E1C1A519A00B94EFD /* Build configuration list for PBXNativeTarget "SwiftAsyncSocketTests" */ = {
			isa = XCConfigurationList;
			buildConfigurations = (
				04F04A6F1C1A519A00B94EFD /* Debug */,
				04F04A701C1A519A00B94EFD /* Release */,
			);
			defaultConfigurationIsVisible = 0;
			defaultConfigurationName = Release;
		};
		04F04A871C1A51FF00B94EFD /* Build configuration list for PBXNativeTarget "SwiftAsyncSocketiOS" */ = {
			isa = XCConfigurationList;
			buildConfigurations = (
				04F04A881C1A51FF00B94EFD /* Debug */,
				04F04A891C1A51FF00B94EFD /* Release */,
			);
			defaultConfigurationIsVisible = 0;
			defaultConfigurationName = Release;
		};
		04F04A8A1C1A51FF00B94EFD /* Build configuration list for PBXNativeTarget "SwiftAsyncSocketiOSTests" */ = {
			isa = XCConfigurationList;
			buildConfigurations = (
				04F04A8B1C1A51FF00B94EFD /* Debug */,
				04F04A8C1C1A51FF00B94EFD /* Release */,
			);
			defaultConfigurationIsVisible = 0;
			defaultConfigurationName = Release;
		};
		04F04AA51C1A52BB00B94EFD /* Build configuration list for PBXNativeTarget "SwiftAsyncSocketTvOS" */ = {
			isa = XCConfigurationList;
			buildConfigurations = (
				04F04AA61C1A52BB00B94EFD /* Debug */,
				04F04AA71C1A52BB00B94EFD /* Release */,
			);
			defaultConfigurationIsVisible = 0;
			defaultConfigurationName = Release;
		};
		04F04AA81C1A52BB00B94EFD /* Build configuration list for PBXNativeTarget "SwiftAsyncSocketTvOSTests" */ = {
			isa = XCConfigurationList;
			buildConfigurations = (
				04F04AA91C1A52BB00B94EFD /* Debug */,
				04F04AAA1C1A52BB00B94EFD /* Release */,
			);
			defaultConfigurationIsVisible = 0;
			defaultConfigurationName = Release;
		};
/* End XCConfigurationList section */
	};
	rootObject = 04F04A4E1C1A519900B94EFD /* Project object */;
}
